
Microsoft Visual Studio Solution File, Format Version 12.00
# Visual Studio Version 16
VisualStudioVersion = 16.0.31205.134
MinimumVisualStudioVersion = 10.0.40219.1
Project("{FAE04EC0-301F-11D3-BF4B-00C04F79EFBC}") = "TRMDataManager", "TRMDataManager\TRMDataManager.csproj", "{B2384789-33EE-42F5-A4C1-2074BA5BAD09}"
EndProject
Project("{00D1A9C2-B5F0-4AF3-8072-F6C62B433612}") = "TRMData", "TRMData\TRMData.sqlproj", "{5258A773-E7AE-4710-909F-A7FD2FB1D8D4}"
EndProject
Project("{FAE04EC0-301F-11D3-BF4B-00C04F79EFBC}") = "TRMDesktopUI", "TRMDesktopUI\TRMDesktopUI.csproj", "{13F5B15E-5A0D-471B-8762-D10A9C4EA615}"
EndProject
Project("{FAE04EC0-301F-11D3-BF4B-00C04F79EFBC}") = "TRMDataManager.Library", "TRMDataManager.Library\TRMDataManager.Library.csproj", "{0135C0D4-39B6-43B8-8BF8-6585242256CE}"
EndProject
Project("{FAE04EC0-301F-11D3-BF4B-00C04F79EFBC}") = "TRMDesktopUI.Library", "TRMDesktopUI.Library\TRMDesktopUI.Library.csproj", "{C6BB9E28-610D-4CF9-95A7-D85B8A04FD06}"
EndProject
Global
	GlobalSection(SolutionConfigurationPlatforms) = preSolution
		Debug|Any CPU = Debug|Any CPU
		Release|Any CPU = Release|Any CPU
	EndGlobalSection
	GlobalSection(ProjectConfigurationPlatforms) = postSolution
		{B2384789-33EE-42F5-A4C1-2074BA5BAD09}.Debug|Any CPU.ActiveCfg = Debug|Any CPU
		{B2384789-33EE-42F5-A4C1-2074BA5BAD09}.Debug|Any CPU.Build.0 = Debug|Any CPU
		{B2384789-33EE-42F5-A4C1-2074BA5BAD09}.Release|Any CPU.ActiveCfg = Release|Any CPU
		{B2384789-33EE-42F5-A4C1-2074BA5BAD09}.Release|Any CPU.Build.0 = Release|Any CPU
		{5258A773-E7AE-4710-909F-A7FD2FB1D8D4}.Debug|Any CPU.ActiveCfg = Debug|Any CPU
		{5258A773-E7AE-4710-909F-A7FD2FB1D8D4}.Debug|Any CPU.Build.0 = Debug|Any CPU
		{5258A773-E7AE-4710-909F-A7FD2FB1D8D4}.Debug|Any CPU.Deploy.0 = Debug|Any CPU
		{5258A773-E7AE-4710-909F-A7FD2FB1D8D4}.Release|Any CPU.ActiveCfg = Release|Any CPU
		{5258A773-E7AE-4710-909F-A7FD2FB1D8D4}.Release|Any CPU.Build.0 = Release|Any CPU
		{5258A773-E7AE-4710-909F-A7FD2FB1D8D4}.Release|Any CPU.Deploy.0 = Release|Any CPU
		{13F5B15E-5A0D-471B-8762-D10A9C4EA615}.Debug|Any CPU.ActiveCfg = Debug|Any CPU
		{13F5B15E-5A0D-471B-8762-D10A9C4EA615}.Debug|Any CPU.Build.0 = Debug|Any CPU
		{13F5B15E-5A0D-471B-8762-D10A9C4EA615}.Release|Any CPU.ActiveCfg = Release|Any CPU
		{13F5B15E-5A0D-471B-8762-D10A9C4EA615}.Release|Any CPU.Build.0 = Release|Any CPU
		{0135C0D4-39B6-43B8-8BF8-6585242256CE}.Debug|Any CPU.ActiveCfg = Debug|Any CPU
		{0135C0D4-39B6-43B8-8BF8-6585242256CE}.Debug|Any CPU.Build.0 = Debug|Any CPU
		{0135C0D4-39B6-43B8-8BF8-6585242256CE}.Release|Any CPU.ActiveCfg = Release|Any CPU
		{0135C0D4-39B6-43B8-8BF8-6585242256CE}.Release|Any CPU.Build.0 = Release|Any CPU
		{C6BB9E28-610D-4CF9-95A7-D85B8A04FD06}.Debug|Any CPU.ActiveCfg = Debug|Any CPU
		{C6BB9E28-610D-4CF9-95A7-D85B8A04FD06}.Debug|Any CPU.Build.0 = Debug|Any CPU
		{C6BB9E28-610D-4CF9-95A7-D85B8A04FD06}.Release|Any CPU.ActiveCfg = Release|Any CPU
		{C6BB9E28-610D-4CF9-95A7-D85B8A04FD06}.Release|Any CPU.Build.0 = Release|Any CPU
	EndGlobalSection
	GlobalSection(SolutionProperties) = preSolution
		HideSolutionNode = FALSE
	EndGlobalSection
	GlobalSection(ExtensibilityGlobals) = postSolution
		SolutionGuid = {A9305C6C-E7C6-473F-85D3-A1AC6EAAD59F}
	EndGlobalSection
EndGlobal
